
Microsoft Visual Studio Solution File, Format Version 12.00
# Visual Studio Version 17
VisualStudioVersion = 17.6.33815.320
MinimumVisualStudioVersion = 10.0.40219.1
Project("{9A19103F-16F7-4668-BE54-9A1E7A4F7556}") = "AzureBlob", "AzureBlob\AzureBlob.csproj", "{2BB0E118-2482-426A-B2D8-0D2B7FF72E5B}"
EndProject
Global
	GlobalSection(SolutionConfigurationPlatforms) = preSolution
		Debug|Any CPU = Debug|Any CPU
		Release|Any CPU = Release|Any CPU
	EndGlobalSection
	GlobalSection(ProjectConfigurationPlatforms) = postSolution
		{2BB0E118-2482-426A-B2D8-0D2B7FF72E5B}.Debug|Any CPU.ActiveCfg = Debug|Any CPU
		{2BB0E118-2482-426A-B2D8-0D2B7FF72E5B}.Debug|Any CPU.Build.0 = Debug|Any CPU
		{2BB0E118-2482-426A-B2D8-0D2B7FF72E5B}.Release|Any CPU.ActiveCfg = Release|Any CPU
		{2BB0E118-2482-426A-B2D8-0D2B7FF72E5B}.Release|Any CPU.Build.0 = Release|Any CPU
	EndGlobalSection
	GlobalSection(SolutionProperties) = preSolution
		HideSolutionNode = FALSE
	EndGlobalSection
	GlobalSection(ExtensibilityGlobals) = postSolution
		SolutionGuid = {1531BB18-16E2-45E6-BD25-56333D7D919A}
	EndGlobalSection
EndGlobal
